
Microsoft Visual Studio Solution File, Format Version 12.00
# Visual Studio Version 17
VisualStudioVersion = 17.5.33627.172
MinimumVisualStudioVersion = 10.0.40219.1
Project("{FAE04EC0-301F-11D3-BF4B-00C04F79EFBC}") = "Datenbindung2", "Datenbindung2\Datenbindung2.csproj", "{EF4EE23D-FBB2-4BC9-9FDC-E4514A182C89}"
EndProject
Global
	GlobalSection(SolutionConfigurationPlatforms) = preSolution
		Debug|Any CPU = Debug|Any CPU
		Release|Any CPU = Release|Any CPU
	EndGlobalSection
	GlobalSection(ProjectConfigurationPlatforms) = postSolution
		{EF4EE23D-FBB2-4BC9-9FDC-E4514A182C89}.Debug|Any CPU.ActiveCfg = Debug|Any CPU
		{EF4EE23D-FBB2-4BC9-9FDC-E4514A182C89}.Debug|Any CPU.Build.0 = Debug|Any CPU
		{EF4EE23D-FBB2-4BC9-9FDC-E4514A182C89}.Release|Any CPU.ActiveCfg = Release|Any CPU
		{EF4EE23D-FBB2-4BC9-9FDC-E4514A182C89}.Release|Any CPU.Build.0 = Release|Any CPU
	EndGlobalSection
	GlobalSection(SolutionProperties) = preSolution
		HideSolutionNode = FALSE
	EndGlobalSection
	GlobalSection(ExtensibilityGlobals) = postSolution
		SolutionGuid = {8303EF6E-E21B-4DAB-ADBF-736F9EAF61F2}
	EndGlobalSection
EndGlobal
